// !$*UTF8*$!
{
	archiveVersion = 1;
	classes = {
	};
	objectVersion = 50;
	objects = {

/* Begin PBXBuildFile section */
		46A97E7E135D2E39DC2F5233 /* Pods_SimpleGPX.framework in Frameworks */ = {isa = PBXBuildFile; fileRef = 3B290123199210B345CC5891 /* Pods_SimpleGPX.framework */; };
		654CAFED226B2E8B00541127 /* GPXUtils.swift in Sources */ = {isa = PBXBuildFile; fileRef = 654CAFEC226B2E8B00541127 /* GPXUtils.swift */; };
		6598D6D7226CB41300CD1EE6 /* Assets.xcassets in Resources */ = {isa = PBXBuildFile; fileRef = 6598D6D6226CB41300CD1EE6 /* Assets.xcassets */; };
		65C5DFA32266468900C3833D /* AppDelegate.swift in Sources */ = {isa = PBXBuildFile; fileRef = 65C5DFA22266468900C3833D /* AppDelegate.swift */; };
		65C5DFA52266468900C3833D /* ViewController.swift in Sources */ = {isa = PBXBuildFile; fileRef = 65C5DFA42266468900C3833D /* ViewController.swift */; };
		65C5DFA82266468900C3833D /* Main.storyboard in Resources */ = {isa = PBXBuildFile; fileRef = 65C5DFA62266468900C3833D /* Main.storyboard */; };
		65C5DFAD2266468B00C3833D /* LaunchScreen.storyboard in Resources */ = {isa = PBXBuildFile; fileRef = 65C5DFAB2266468B00C3833D /* LaunchScreen.storyboard */; };
/* End PBXBuildFile section */

/* Begin PBXFileReference section */
		0ACB775CCEC61449DA5BDBDE /* Pods-SimpleGPX.release.xcconfig */ = {isa = PBXFileReference; includeInIndex = 1; lastKnownFileType = text.xcconfig; name = "Pods-SimpleGPX.release.xcconfig"; path = "Pods/Target Support Files/Pods-SimpleGPX/Pods-SimpleGPX.release.xcconfig"; sourceTree = "<group>"; };
		3B290123199210B345CC5891 /* Pods_SimpleGPX.framework */ = {isa = PBXFileReference; explicitFileType = wrapper.framework; includeInIndex = 0; path = Pods_SimpleGPX.framework; sourceTree = BUILT_PRODUCTS_DIR; };
		6525AF2D226B8039004D6088 /* SimpleGPX.entitlements */ = {isa = PBXFileReference; lastKnownFileType = text.plist.entitlements; path = SimpleGPX.entitlements; sourceTree = "<group>"; };
		654CAFEC226B2E8B00541127 /* GPXUtils.swift */ = {isa = PBXFileReference; lastKnownFileType = sourcecode.swift; path = GPXUtils.swift; sourceTree = "<group>"; };
		6598D6D6226CB41300CD1EE6 /* Assets.xcassets */ = {isa = PBXFileReference; lastKnownFileType = folder.assetcatalog; path = Assets.xcassets; sourceTree = "<group>"; };
		65C5DF9F2266468900C3833D /* SimpleGPX.app */ = {isa = PBXFileReference; explicitFileType = wrapper.application; includeInIndex = 0; path = SimpleGPX.app; sourceTree = BUILT_PRODUCTS_DIR; };
		65C5DFA22266468900C3833D /* AppDelegate.swift */ = {isa = PBXFileReference; lastKnownFileType = sourcecode.swift; path = AppDelegate.swift; sourceTree = "<group>"; };
		65C5DFA42266468900C3833D /* ViewController.swift */ = {isa = PBXFileReference; lastKnownFileType = sourcecode.swift; path = ViewController.swift; sourceTree = "<group>"; };
		65C5DFA72266468900C3833D /* Base */ = {isa = PBXFileReference; lastKnownFileType = file.storyboard; name = Base; path = Base.lproj/Main.storyboard; sourceTree = "<group>"; };
		65C5DFAC2266468B00C3833D /* Base */ = {isa = PBXFileReference; lastKnownFileType = file.storyboard; name = Base; path = Base.lproj/LaunchScreen.storyboard; sourceTree = "<group>"; };
		65C5DFAE2266468B00C3833D /* Info.plist */ = {isa = PBXFileReference; lastKnownFileType = text.plist.xml; path = Info.plist; sourceTree = "<group>"; };
		DDE5813ED412CF44DA93ABFD /* Pods-SimpleGPX.debug.xcconfig */ = {isa = PBXFileReference; includeInIndex = 1; lastKnownFileType = text.xcconfig; name = "Pods-SimpleGPX.debug.xcconfig"; path = "Pods/Target Support Files/Pods-SimpleGPX/Pods-SimpleGPX.debug.xcconfig"; sourceTree = "<group>"; };
/* End PBXFileReference section */

/* Begin PBXFrameworksBuildPhase section */
		65C5DF9C2266468900C3833D /* Frameworks */ = {
			isa = PBXFrameworksBuildPhase;
			buildActionMask = 2147483647;
			files = (
				46A97E7E135D2E39DC2F5233 /* Pods_SimpleGPX.framework in Frameworks */,
			);
			runOnlyForDeploymentPostprocessing = 0;
		};
/* End PBXFrameworksBuildPhase section */

/* Begin PBXGroup section */
		2F9F95A96FA32187DC902437 /* Pods */ = {
			isa = PBXGroup;
			children = (
				DDE5813ED412CF44DA93ABFD /* Pods-SimpleGPX.debug.xcconfig */,
				0ACB775CCEC61449DA5BDBDE /* Pods-SimpleGPX.release.xcconfig */,
			);
			name = Pods;
			sourceTree = "<group>";
		};
		49C000E8649553EA69A5495B /* Frameworks */ = {
			isa = PBXGroup;
			children = (
				3B290123199210B345CC5891 /* Pods_SimpleGPX.framework */,
			);
			name = Frameworks;
			sourceTree = "<group>";
		};
		65C5DF962266468900C3833D = {
			isa = PBXGroup;
			children = (
				65C5DFA12266468900C3833D /* SimpleGPX */,
				65C5DFA02266468900C3833D /* Products */,
				2F9F95A96FA32187DC902437 /* Pods */,
				49C000E8649553EA69A5495B /* Frameworks */,
			);
			sourceTree = "<group>";
		};
		65C5DFA02266468900C3833D /* Products */ = {
			isa = PBXGroup;
			children = (
				65C5DF9F2266468900C3833D /* SimpleGPX.app */,
			);
			name = Products;
			sourceTree = "<group>";
		};
		65C5DFA12266468900C3833D /* SimpleGPX */ = {
			isa = PBXGroup;
			children = (
				6525AF2D226B8039004D6088 /* SimpleGPX.entitlements */,
				65C5DFA22266468900C3833D /* AppDelegate.swift */,
				65C5DFA42266468900C3833D /* ViewController.swift */,
				6598D6D6226CB41300CD1EE6 /* Assets.xcassets */,
				654CAFEC226B2E8B00541127 /* GPXUtils.swift */,
				65C5DFA62266468900C3833D /* Main.storyboard */,
				65C5DFAB2266468B00C3833D /* LaunchScreen.storyboard */,
				65C5DFAE2266468B00C3833D /* Info.plist */,
			);
			path = SimpleGPX;
			sourceTree = "<group>";
		};
/* End PBXGroup section */

/* Begin PBXNativeTarget section */
		65C5DF9E2266468900C3833D /* SimpleGPX */ = {
			isa = PBXNativeTarget;
			buildConfigurationList = 65C5DFB12266468B00C3833D /* Build configuration list for PBXNativeTarget "SimpleGPX" */;
			buildPhases = (
				5B9DFCBF8E475478B614E10D /* [CP] Check Pods Manifest.lock */,
				65C5DF9B2266468900C3833D /* Sources */,
				65C5DF9C2266468900C3833D /* Frameworks */,
				65C5DF9D2266468900C3833D /* Resources */,
				8AB94030CDCAF770F4E2773A /* [CP] Embed Pods Frameworks */,
			);
			buildRules = (
			);
			dependencies = (
			);
			name = SimpleGPX;
			productName = SimpleGPX;
			productReference = 65C5DF9F2266468900C3833D /* SimpleGPX.app */;
			productType = "com.apple.product-type.application";
		};
/* End PBXNativeTarget section */

/* Begin PBXProject section */
		65C5DF972266468900C3833D /* Project object */ = {
			isa = PBXProject;
			attributes = {
				LastSwiftUpdateCheck = 1020;
				LastUpgradeCheck = 1020;
				ORGANIZATIONNAME = "Jose Gabriel Ferrer";
				TargetAttributes = {
					65C5DF9E2266468900C3833D = {
						CreatedOnToolsVersion = 10.2;
						SystemCapabilities = {
							com.apple.Keychain = {
								enabled = 1;
							};
							com.apple.iCloud = {
								enabled = 1;
							};
						};
					};
				};
			};
			buildConfigurationList = 65C5DF9A2266468900C3833D /* Build configuration list for PBXProject "SimpleGPX" */;
			compatibilityVersion = "Xcode 9.3";
			developmentRegion = en;
			hasScannedForEncodings = 0;
			knownRegions = (
				en,
				Base,
			);
			mainGroup = 65C5DF962266468900C3833D;
			productRefGroup = 65C5DFA02266468900C3833D /* Products */;
			projectDirPath = "";
			projectRoot = "";
			targets = (
				65C5DF9E2266468900C3833D /* SimpleGPX */,
			);
		};
/* End PBXProject section */

/* Begin PBXResourcesBuildPhase section */
		65C5DF9D2266468900C3833D /* Resources */ = {
			isa = PBXResourcesBuildPhase;
			buildActionMask = 2147483647;
			files = (
				65C5DFAD2266468B00C3833D /* LaunchScreen.storyboard in Resources */,
				6598D6D7226CB41300CD1EE6 /* Assets.xcassets in Resources */,
				65C5DFA82266468900C3833D /* Main.storyboard in Resources */,
			);
			runOnlyForDeploymentPostprocessing = 0;
		};
/* End PBXResourcesBuildPhase section */

/* Begin PBXShellScriptBuildPhase section */
		5B9DFCBF8E475478B614E10D /* [CP] Check Pods Manifest.lock */ = {
			isa = PBXShellScriptBuildPhase;
			buildActionMask = 2147483647;
			files = (
			);
			inputFileListPaths = (
			);
			inputPaths = (
				"${PODS_PODFILE_DIR_PATH}/Podfile.lock",
				"${PODS_ROOT}/Manifest.lock",
			);
			name = "[CP] Check Pods Manifest.lock";
			outputFileListPaths = (
			);
			outputPaths = (
				"$(DERIVED_FILE_DIR)/Pods-SimpleGPX-checkManifestLockResult.txt",
			);
			runOnlyForDeploymentPostprocessing = 0;
			shellPath = /bin/sh;
			shellScript = "diff \"${PODS_PODFILE_DIR_PATH}/Podfile.lock\" \"${PODS_ROOT}/Manifest.lock\" > /dev/null\nif [ $? != 0 ] ; then\n    # print error to STDERR\n    echo \"error: The sandbox is not in sync with the Podfile.lock. Run 'pod install' or update your CocoaPods installation.\" >&2\n    exit 1\nfi\n# This output is used by Xcode 'outputs' to avoid re-running this script phase.\necho \"SUCCESS\" > \"${SCRIPT_OUTPUT_FILE_0}\"\n";
			showEnvVarsInLog = 0;
		};
		8AB94030CDCAF770F4E2773A /* [CP] Embed Pods Frameworks */ = {
			isa = PBXShellScriptBuildPhase;
			buildActionMask = 2147483647;
			files = (
			);
			inputFileListPaths = (
			);
			inputPaths = (
				"${SRCROOT}/Pods/Target Support Files/Pods-SimpleGPX/Pods-SimpleGPX-frameworks.sh",
				"${BUILT_PRODUCTS_DIR}/CoreGPX/CoreGPX.framework",
			);
			name = "[CP] Embed Pods Frameworks";
			outputFileListPaths = (
			);
			outputPaths = (
				"${TARGET_BUILD_DIR}/${FRAMEWORKS_FOLDER_PATH}/CoreGPX.framework",
			);
			runOnlyForDeploymentPostprocessing = 0;
			shellPath = /bin/sh;
			shellScript = "\"${SRCROOT}/Pods/Target Support Files/Pods-SimpleGPX/Pods-SimpleGPX-frameworks.sh\"\n";
			showEnvVarsInLog = 0;
		};
/* End PBXShellScriptBuildPhase section */

/* Begin PBXSourcesBuildPhase section */
		65C5DF9B2266468900C3833D /* Sources */ = {
			isa = PBXSourcesBuildPhase;
			buildActionMask = 2147483647;
			files = (
				65C5DFA52266468900C3833D /* ViewController.swift in Sources */,
				654CAFED226B2E8B00541127 /* GPXUtils.swift in Sources */,
				65C5DFA32266468900C3833D /* AppDelegate.swift in Sources */,
			);
			runOnlyForDeploymentPostprocessing = 0;
		};
/* End PBXSourcesBuildPhase section */

/* Begin PBXVariantGroup section */
		65C5DFA62266468900C3833D /* Main.storyboard */ = {
			isa = PBXVariantGroup;
			children = (
				65C5DFA72266468900C3833D /* Base */,
			);
			name = Main.storyboard;
			sourceTree = "<group>";
		};
		65C5DFAB2266468B00C3833D /* LaunchScreen.storyboard */ = {
			isa = PBXVariantGroup;
			children = (
				65C5DFAC2266468B00C3833D /* Base */,
			);
			name = LaunchScreen.storyboard;
			sourceTree = "<group>";
		};
/* End PBXVariantGroup section */

/* Begin XCBuildConfiguration section */
		65C5DFAF2266468B00C3833D /* Debug */ = {
			isa = XCBuildConfiguration;
			buildSettings = {
				ALWAYS_SEARCH_USER_PATHS = NO;
				CLANG_ANALYZER_NONNULL = YES;
				CLANG_ANALYZER_NUMBER_OBJECT_CONVERSION = YES_AGGRESSIVE;
				CLANG_CXX_LANGUAGE_STANDARD = "gnu++14";
				CLANG_CXX_LIBRARY = "libc++";
				CLANG_ENABLE_MODULES = YES;
				CLANG_ENABLE_OBJC_ARC = YES;
				CLANG_ENABLE_OBJC_WEAK = YES;
				CLANG_WARN_BLOCK_CAPTURE_AUTORELEASING = YES;
				CLANG_WARN_BOOL_CONVERSION = YES;
				CLANG_WARN_COMMA = YES;
				CLANG_WARN_CONSTANT_CONVERSION = YES;
				CLANG_WARN_DEPRECATED_OBJC_IMPLEMENTATIONS = YES;
				CLANG_WARN_DIRECT_OBJC_ISA_USAGE = YES_ERROR;
				CLANG_WARN_DOCUMENTATION_COMMENTS = YES;
				CLANG_WARN_EMPTY_BODY = YES;
				CLANG_WARN_ENUM_CONVERSION = YES;
				CLANG_WARN_INFINITE_RECURSION = YES;
				CLANG_WARN_INT_CONVERSION = YES;
				CLANG_WARN_NON_LITERAL_NULL_CONVERSION = YES;
				CLANG_WARN_OBJC_IMPLICIT_RETAIN_SELF = YES;
				CLANG_WARN_OBJC_LITERAL_CONVERSION = YES;
				CLANG_WARN_OBJC_ROOT_CLASS = YES_ERROR;
				CLANG_WARN_RANGE_LOOP_ANALYSIS = YES;
				CLANG_WARN_STRICT_PROTOTYPES = YES;
				CLANG_WARN_SUSPICIOUS_MOVE = YES;
				CLANG_WARN_UNGUARDED_AVAILABILITY = YES_AGGRESSIVE;
				CLANG_WARN_UNREACHABLE_CODE = YES;
				CLANG_WARN__DUPLICATE_METHOD_MATCH = YES;
				CODE_SIGN_IDENTITY = "iPhone Developer";
				COPY_PHASE_STRIP = NO;
				DEBUG_INFORMATION_FORMAT = dwarf;
				ENABLE_STRICT_OBJC_MSGSEND = YES;
				ENABLE_TESTABILITY = YES;
				GCC_C_LANGUAGE_STANDARD = gnu11;
				GCC_DYNAMIC_NO_PIC = NO;
				GCC_NO_COMMON_BLOCKS = YES;
				GCC_OPTIMIZATION_LEVEL = 0;
				GCC_PREPROCESSOR_DEFINITIONS = (
					"DEBUG=1",
					"$(inherited)",
				);
				GCC_WARN_64_TO_32_BIT_CONVERSION = YES;
				GCC_WARN_ABOUT_RETURN_TYPE = YES_ERROR;
				GCC_WARN_UNDECLARED_SELECTOR = YES;
				GCC_WARN_UNINITIALIZED_AUTOS = YES_AGGRESSIVE;
				GCC_WARN_UNUSED_FUNCTION = YES;
				GCC_WARN_UNUSED_VARIABLE = YES;
				IPHONEOS_DEPLOYMENT_TARGET = 12.2;
				MTL_ENABLE_DEBUG_INFO = INCLUDE_SOURCE;
				MTL_FAST_MATH = YES;
				ONLY_ACTIVE_ARCH = YES;
				SDKROOT = iphoneos;
				SWIFT_ACTIVE_COMPILATION_CONDITIONS = DEBUG;
				SWIFT_OPTIMIZATION_LEVEL = "-Onone";
			};
			name = Debug;
		};
		65C5DFB02266468B00C3833D /* Release */ = {
			isa = XCBuildConfiguration;
			buildSettings = {
				ALWAYS_SEARCH_USER_PATHS = NO;
				CLANG_ANALYZER_NONNULL = YES;
				CLANG_ANALYZER_NUMBER_OBJECT_CONVERSION = YES_AGGRESSIVE;
				CLANG_CXX_LANGUAGE_STANDARD = "gnu++14";
				CLANG_CXX_LIBRARY = "libc++";
				CLANG_ENABLE_MODULES = YES;
				CLANG_ENABLE_OBJC_ARC = YES;
				CLANG_ENABLE_OBJC_WEAK = YES;
				CLANG_WARN_BLOCK_CAPTURE_AUTORELEASING = YES;
				CLANG_WARN_BOOL_CONVERSION = YES;
				CLANG_WARN_COMMA = YES;
				CLANG_WARN_CONSTANT_CONVERSION = YES;
				CLANG_WARN_DEPRECATED_OBJC_IMPLEMENTATIONS = YES;
				CLANG_WARN_DIRECT_OBJC_ISA_USAGE = YES_ERROR;
				CLANG_WARN_DOCUMENTATION_COMMENTS = YES;
				CLANG_WARN_EMPTY_BODY = YES;
				CLANG_WARN_ENUM_CONVERSION = YES;
				CLANG_WARN_INFINITE_RECURSION = YES;
				CLANG_WARN_INT_CONVERSION = YES;
				CLANG_WARN_NON_LITERAL_NULL_CONVERSION = YES;
				CLANG_WARN_OBJC_IMPLICIT_RETAIN_SELF = YES;
				CLANG_WARN_OBJC_LITERAL_CONVERSION = YES;
				CLANG_WARN_OBJC_ROOT_CLASS = YES_ERROR;
				CLANG_WARN_RANGE_LOOP_ANALYSIS = YES;
				CLANG_WARN_STRICT_PROTOTYPES = YES;
				CLANG_WARN_SUSPICIOUS_MOVE = YES;
				CLANG_WARN_UNGUARDED_AVAILABILITY = YES_AGGRESSIVE;
				CLANG_WARN_UNREACHABLE_CODE = YES;
				CLANG_WARN__DUPLICATE_METHOD_MATCH = YES;
				CODE_SIGN_IDENTITY = "iPhone Developer";
				COPY_PHASE_STRIP = NO;
				DEBUG_INFORMATION_FORMAT = "dwarf-with-dsym";
				ENABLE_NS_ASSERTIONS = NO;
				ENABLE_STRICT_OBJC_MSGSEND = YES;
				GCC_C_LANGUAGE_STANDARD = gnu11;
				GCC_NO_COMMON_BLOCKS = YES;
				GCC_WARN_64_TO_32_BIT_CONVERSION = YES;
				GCC_WARN_ABOUT_RETURN_TYPE = YES_ERROR;
				GCC_WARN_UNDECLARED_SELECTOR = YES;
				GCC_WARN_UNINITIALIZED_AUTOS = YES_AGGRESSIVE;
				GCC_WARN_UNUSED_FUNCTION = YES;
				GCC_WARN_UNUSED_VARIABLE = YES;
				IPHONEOS_DEPLOYMENT_TARGET = 12.2;
				MTL_ENABLE_DEBUG_INFO = NO;
				MTL_FAST_MATH = YES;
				SDKROOT = iphoneos;
				SWIFT_COMPILATION_MODE = wholemodule;
				SWIFT_OPTIMIZATION_LEVEL = "-O";
				VALIDATE_PRODUCT = YES;
			};
			name = Release;
		};
		65C5DFB22266468B00C3833D /* Debug */ = {
			isa = XCBuildConfiguration;
			baseConfigurationReference = DDE5813ED412CF44DA93ABFD /* Pods-SimpleGPX.debug.xcconfig */;
			buildSettings = {
				ASSETCATALOG_COMPILER_APPICON_NAME = AppIcon;
				CODE_SIGN_ENTITLEMENTS = SimpleGPX/SimpleGPX.entitlements;
				CODE_SIGN_STYLE = Automatic;
				DEVELOPMENT_TEAM = 8HUR635N2P;
				INFOPLIST_FILE = SimpleGPX/Info.plist;
				LD_RUNPATH_SEARCH_PATHS = (
					"$(inherited)",
					"@executable_path/Frameworks",
				);
				PRODUCT_BUNDLE_IDENTIFIER = es.jgferrer.SimpleGPX;
				PRODUCT_NAME = "$(TARGET_NAME)";
				SWIFT_VERSION = 5.0;
				TARGETED_DEVICE_FAMILY = "1,2";
			};
			name = Debug;
		};
		65C5DFB32266468B00C3833D /* Release */ = {
			isa = XCBuildConfiguration;
			baseConfigurationReference = 0ACB775CCEC61449DA5BDBDE /* Pods-SimpleGPX.release.xcconfig */;
			buildSettings = {
				ASSETCATALOG_COMPILER_APPICON_NAME = AppIcon;
				CODE_SIGN_ENTITLEMENTS = SimpleGPX/SimpleGPX.entitlements;
				CODE_SIGN_STYLE = Automatic;
				DEVELOPMENT_TEAM = 8HUR635N2P;
				INFOPLIST_FILE = SimpleGPX/Info.plist;
				LD_RUNPATH_SEARCH_PATHS = (
					"$(inherited)",
					"@executable_path/Frameworks",
				);
				PRODUCT_BUNDLE_IDENTIFIER = es.jgferrer.SimpleGPX;
				PRODUCT_NAME = "$(TARGET_NAME)";
				SWIFT_VERSION = 5.0;
				TARGETED_DEVICE_FAMILY = "1,2";
			};
			name = Release;
		};
/* End XCBuildConfiguration section */

/* Begin XCConfigurationList section */
		65C5DF9A2266468900C3833D /* Build configuration list for PBXProject "SimpleGPX" */ = {
			isa = XCConfigurationList;
			buildConfigurations = (
				65C5DFAF2266468B00C3833D /* Debug */,
				65C5DFB02266468B00C3833D /* Release */,
			);
			defaultConfigurationIsVisible = 0;
			defaultConfigurationName = Release;
		};
		65C5DFB12266468B00C3833D /* Build configuration list for PBXNativeTarget "SimpleGPX" */ = {
			isa = XCConfigurationList;
			buildConfigurations = (
				65C5DFB22266468B00C3833D /* Debug */,
				65C5DFB32266468B00C3833D /* Release */,
			);
			defaultConfigurationIsVisible = 0;
			defaultConfigurationName = Release;
		};
/* End XCConfigurationList section */
	};
	rootObject = 65C5DF972266468900C3833D /* Project object */;
}
